
Microsoft Visual Studio Solution File, Format Version 12.00
# Visual Studio Version 16
VisualStudioVersion = 16.0.31112.23
MinimumVisualStudioVersion = 10.0.40219.1
Project("{FAE04EC0-301F-11D3-BF4B-00C04F79EFBC}") = "ArticleForDelegate", "ArticleForDelegate\ArticleForDelegate.csproj", "{256964E6-4C77-4C9F-BA3F-15A187609C83}"
EndProject
Global
	GlobalSection(SolutionConfigurationPlatforms) = preSolution
		Debug|Any CPU = Debug|Any CPU
		Release|Any CPU = Release|Any CPU
	EndGlobalSection
	GlobalSection(ProjectConfigurationPlatforms) = postSolution
		{256964E6-4C77-4C9F-BA3F-15A187609C83}.Debug|Any CPU.ActiveCfg = Debug|Any CPU
		{256964E6-4C77-4C9F-BA3F-15A187609C83}.Debug|Any CPU.Build.0 = Debug|Any CPU
		{256964E6-4C77-4C9F-BA3F-15A187609C83}.Release|Any CPU.ActiveCfg = Release|Any CPU
		{256964E6-4C77-4C9F-BA3F-15A187609C83}.Release|Any CPU.Build.0 = Release|Any CPU
	EndGlobalSection
	GlobalSection(SolutionProperties) = preSolution
		HideSolutionNode = FALSE
	EndGlobalSection
	GlobalSection(ExtensibilityGlobals) = postSolution
		SolutionGuid = {C8CFAAFE-EE80-4CF6-8144-D95F5B164AE7}
	EndGlobalSection
EndGlobal
